
Microsoft Visual Studio Solution File, Format Version 12.00
# Visual Studio Version 17
VisualStudioVersion = 17.1.32328.378
MinimumVisualStudioVersion = 10.0.40219.1
Project("{FAE04EC0-301F-11D3-BF4B-00C04F79EFBC}") = "Test Narritive", "Test Narritive.csproj", "{8E8AE0A2-9FCF-46F6-A0D3-75BFC4BE472A}"
EndProject
Global
	GlobalSection(SolutionConfigurationPlatforms) = preSolution
		Debug|Any CPU = Debug|Any CPU
		Release|Any CPU = Release|Any CPU
	EndGlobalSection
	GlobalSection(ProjectConfigurationPlatforms) = postSolution
		{8E8AE0A2-9FCF-46F6-A0D3-75BFC4BE472A}.Debug|Any CPU.ActiveCfg = Debug|Any CPU
		{8E8AE0A2-9FCF-46F6-A0D3-75BFC4BE472A}.Debug|Any CPU.Build.0 = Debug|Any CPU
		{8E8AE0A2-9FCF-46F6-A0D3-75BFC4BE472A}.Release|Any CPU.ActiveCfg = Release|Any CPU
		{8E8AE0A2-9FCF-46F6-A0D3-75BFC4BE472A}.Release|Any CPU.Build.0 = Release|Any CPU
	EndGlobalSection
	GlobalSection(SolutionProperties) = preSolution
		HideSolutionNode = FALSE
	EndGlobalSection
	GlobalSection(ExtensibilityGlobals) = postSolution
		SolutionGuid = {F0DED6A4-DDCB-44C5-8223-91B2DB63F652}
	EndGlobalSection
EndGlobal
